
Microsoft Visual Studio Solution File, Format Version 12.00
# Visual Studio Version 17
VisualStudioVersion = 17.10.35004.147
MinimumVisualStudioVersion = 10.0.40219.1
Project("{8BC9CEB8-8B4A-11D0-8D11-00A0C91BC942}") = "MotorsVideojocs", "MotorsVideojocs\MotorsVideojocs.vcxproj", "{DC8593CB-B452-4C75-AE7E-0531ADB9AF74}"
EndProject
Global
	GlobalSection(SolutionConfigurationPlatforms) = preSolution
		Debug|x64 = Debug|x64
		Debug|x86 = Debug|x86
		Release|x64 = Release|x64
		Release|x86 = Release|x86
	EndGlobalSection
	GlobalSection(ProjectConfigurationPlatforms) = postSolution
		{DC8593CB-B452-4C75-AE7E-0531ADB9AF74}.Debug|x64.ActiveCfg = Debug|x64
		{DC8593CB-B452-4C75-AE7E-0531ADB9AF74}.Debug|x64.Build.0 = Debug|x64
		{DC8593CB-B452-4C75-AE7E-0531ADB9AF74}.Debug|x86.ActiveCfg = Debug|Win32
		{DC8593CB-B452-4C75-AE7E-0531ADB9AF74}.Debug|x86.Build.0 = Debug|Win32
		{DC8593CB-B452-4C75-AE7E-0531ADB9AF74}.Release|x64.ActiveCfg = Release|x64
		{DC8593CB-B452-4C75-AE7E-0531ADB9AF74}.Release|x64.Build.0 = Release|x64
		{DC8593CB-B452-4C75-AE7E-0531ADB9AF74}.Release|x86.ActiveCfg = Release|Win32
		{DC8593CB-B452-4C75-AE7E-0531ADB9AF74}.Release|x86.Build.0 = Release|Win32
	EndGlobalSection
	GlobalSection(SolutionProperties) = preSolution
		HideSolutionNode = FALSE
	EndGlobalSection
	GlobalSection(ExtensibilityGlobals) = postSolution
		SolutionGuid = {D74A10B2-7F19-4F32-8154-1F78A34C2524}
	EndGlobalSection
EndGlobal
